<?xml version="1.0" encoding="utf-8"?>
<Project ToolsVersion="4.0" xmlns="http://schemas.microsoft.com/developer/msbuild/2003">
  <ItemGroup>
    <CustomBuild Include="..\..\ADCensus_CMake\stereoDense\CMakeLists.txt" />
    <CustomBuild Include="..\CMakeFiles\bd413f81f9c1e208d393c0223ba69d64\ALL_BUILD.rule">
      <Filter>CMake Rules</Filter>
    </CustomBuild>
  </ItemGroup>
  <ItemGroup>
    <None Include="CMakeFiles\ALL_BUILD" />
  </ItemGroup>
  <ItemGroup>
    <Filter Include="CMake Rules">
      <UniqueIdentifier>{BBC2FC4C-D907-4E13-88A0-4781E475412E}</UniqueIdentifier>
    </Filter>
  </ItemGroup>
</Project>
