Microsoft Visual Studio Solution File, Format Version 11.00
# Visual Studio 2010
Project("{8BC9CEB8-8B4A-11D0-8D11-00A0C91BC942}") = "ALL_BUILD", "ALL_BUILD.vcxproj", "{FE067169-0513-411A-979A-401EF5695A52}"
	ProjectSection(ProjectDependencies) = postProject
		{6B3FEEE3-AAA1-42DA-BFC8-84EE0BFA66FE} = {6B3FEEE3-AAA1-42DA-BFC8-84EE0BFA66FE}
	EndProjectSection
EndProject
Project("{8BC9CEB8-8B4A-11D0-8D11-00A0C91BC942}") = "INSTALL", "INSTALL.vcxproj", "{98320773-2538-4CDF-BFAC-24702706382A}"
	ProjectSection(ProjectDependencies) = postProject
		{FE067169-0513-411A-979A-401EF5695A52} = {FE067169-0513-411A-979A-401EF5695A52}
	EndProjectSection
EndProject
Project("{8BC9CEB8-8B4A-11D0-8D11-00A0C91BC942}") = "IO", "..\libIO\IO.vcxproj", "{8A254631-B940-4A7D-B0DA-2885E0D40EE1}"
	ProjectSection(ProjectDependencies) = postProject
		{AD47CCD9-02B3-47C8-A8E8-E4651E8AA0F9} = {AD47CCD9-02B3-47C8-A8E8-E4651E8AA0F9}
		{CB1E1088-3F46-433B-975A-1BA6DC42528C} = {CB1E1088-3F46-433B-975A-1BA6DC42528C}
		{FE1E1B00-BDFD-4814-83B4-F87254B0472E} = {FE1E1B00-BDFD-4814-83B4-F87254B0472E}
	EndProjectSection
EndProject
Project("{8BC9CEB8-8B4A-11D0-8D11-00A0C91BC942}") = "ZERO_CHECK", "..\ZERO_CHECK.vcxproj", "{AD47CCD9-02B3-47C8-A8E8-E4651E8AA0F9}"
	ProjectSection(ProjectDependencies) = postProject
	EndProjectSection
EndProject
Project("{8BC9CEB8-8B4A-11D0-8D11-00A0C91BC942}") = "convert", "convert.vcxproj", "{6B3FEEE3-AAA1-42DA-BFC8-84EE0BFA66FE}"
	ProjectSection(ProjectDependencies) = postProject
		{8A254631-B940-4A7D-B0DA-2885E0D40EE1} = {8A254631-B940-4A7D-B0DA-2885E0D40EE1}
		{AD47CCD9-02B3-47C8-A8E8-E4651E8AA0F9} = {AD47CCD9-02B3-47C8-A8E8-E4651E8AA0F9}
	EndProjectSection
EndProject
Project("{8BC9CEB8-8B4A-11D0-8D11-00A0C91BC942}") = "png", "..\3rdParty\png\png.vcxproj", "{CB1E1088-3F46-433B-975A-1BA6DC42528C}"
	ProjectSection(ProjectDependencies) = postProject
		{AD47CCD9-02B3-47C8-A8E8-E4651E8AA0F9} = {AD47CCD9-02B3-47C8-A8E8-E4651E8AA0F9}
		{09D9A6E1-23D3-43E4-9E8C-B6E7941E9782} = {09D9A6E1-23D3-43E4-9E8C-B6E7941E9782}
	EndProjectSection
EndProject
Project("{8BC9CEB8-8B4A-11D0-8D11-00A0C91BC942}") = "tiff", "..\3rdParty\tiff\tiff.vcxproj", "{FE1E1B00-BDFD-4814-83B4-F87254B0472E}"
	ProjectSection(ProjectDependencies) = postProject
		{AD47CCD9-02B3-47C8-A8E8-E4651E8AA0F9} = {AD47CCD9-02B3-47C8-A8E8-E4651E8AA0F9}
	EndProjectSection
EndProject
Project("{8BC9CEB8-8B4A-11D0-8D11-00A0C91BC942}") = "zlib", "..\3rdParty\zlib\zlib.vcxproj", "{09D9A6E1-23D3-43E4-9E8C-B6E7941E9782}"
	ProjectSection(ProjectDependencies) = postProject
		{AD47CCD9-02B3-47C8-A8E8-E4651E8AA0F9} = {AD47CCD9-02B3-47C8-A8E8-E4651E8AA0F9}
	EndProjectSection
EndProject
Global
	GlobalSection(SolutionConfigurationPlatforms) = preSolution
		Debug|Win32 = Debug|Win32
		Release|Win32 = Release|Win32
		MinSizeRel|Win32 = MinSizeRel|Win32
		RelWithDebInfo|Win32 = RelWithDebInfo|Win32
	EndGlobalSection
	GlobalSection(ProjectConfigurationPlatforms) = postSolution
		{FE067169-0513-411A-979A-401EF5695A52}.Debug|Win32.ActiveCfg = Debug|Win32
		{FE067169-0513-411A-979A-401EF5695A52}.Debug|Win32.Build.0 = Debug|Win32
		{FE067169-0513-411A-979A-401EF5695A52}.Release|Win32.ActiveCfg = Release|Win32
		{FE067169-0513-411A-979A-401EF5695A52}.Release|Win32.Build.0 = Release|Win32
		{FE067169-0513-411A-979A-401EF5695A52}.MinSizeRel|Win32.ActiveCfg = MinSizeRel|Win32
		{FE067169-0513-411A-979A-401EF5695A52}.MinSizeRel|Win32.Build.0 = MinSizeRel|Win32
		{FE067169-0513-411A-979A-401EF5695A52}.RelWithDebInfo|Win32.ActiveCfg = RelWithDebInfo|Win32
		{FE067169-0513-411A-979A-401EF5695A52}.RelWithDebInfo|Win32.Build.0 = RelWithDebInfo|Win32
		{98320773-2538-4CDF-BFAC-24702706382A}.Debug|Win32.ActiveCfg = Debug|Win32
		{98320773-2538-4CDF-BFAC-24702706382A}.Release|Win32.ActiveCfg = Release|Win32
		{98320773-2538-4CDF-BFAC-24702706382A}.MinSizeRel|Win32.ActiveCfg = MinSizeRel|Win32
		{98320773-2538-4CDF-BFAC-24702706382A}.RelWithDebInfo|Win32.ActiveCfg = RelWithDebInfo|Win32
		{8A254631-B940-4A7D-B0DA-2885E0D40EE1}.Debug|Win32.ActiveCfg = Debug|Win32
		{8A254631-B940-4A7D-B0DA-2885E0D40EE1}.Debug|Win32.Build.0 = Debug|Win32
		{8A254631-B940-4A7D-B0DA-2885E0D40EE1}.Release|Win32.ActiveCfg = Release|Win32
		{8A254631-B940-4A7D-B0DA-2885E0D40EE1}.Release|Win32.Build.0 = Release|Win32
		{8A254631-B940-4A7D-B0DA-2885E0D40EE1}.MinSizeRel|Win32.ActiveCfg = MinSizeRel|Win32
		{8A254631-B940-4A7D-B0DA-2885E0D40EE1}.MinSizeRel|Win32.Build.0 = MinSizeRel|Win32
		{8A254631-B940-4A7D-B0DA-2885E0D40EE1}.RelWithDebInfo|Win32.ActiveCfg = RelWithDebInfo|Win32
		{8A254631-B940-4A7D-B0DA-2885E0D40EE1}.RelWithDebInfo|Win32.Build.0 = RelWithDebInfo|Win32
		{AD47CCD9-02B3-47C8-A8E8-E4651E8AA0F9}.Debug|Win32.ActiveCfg = Debug|Win32
		{AD47CCD9-02B3-47C8-A8E8-E4651E8AA0F9}.Debug|Win32.Build.0 = Debug|Win32
		{AD47CCD9-02B3-47C8-A8E8-E4651E8AA0F9}.Release|Win32.ActiveCfg = Release|Win32
		{AD47CCD9-02B3-47C8-A8E8-E4651E8AA0F9}.Release|Win32.Build.0 = Release|Win32
		{AD47CCD9-02B3-47C8-A8E8-E4651E8AA0F9}.MinSizeRel|Win32.ActiveCfg = MinSizeRel|Win32
		{AD47CCD9-02B3-47C8-A8E8-E4651E8AA0F9}.MinSizeRel|Win32.Build.0 = MinSizeRel|Win32
		{AD47CCD9-02B3-47C8-A8E8-E4651E8AA0F9}.RelWithDebInfo|Win32.ActiveCfg = RelWithDebInfo|Win32
		{AD47CCD9-02B3-47C8-A8E8-E4651E8AA0F9}.RelWithDebInfo|Win32.Build.0 = RelWithDebInfo|Win32
		{6B3FEEE3-AAA1-42DA-BFC8-84EE0BFA66FE}.Debug|Win32.ActiveCfg = Debug|Win32
		{6B3FEEE3-AAA1-42DA-BFC8-84EE0BFA66FE}.Debug|Win32.Build.0 = Debug|Win32
		{6B3FEEE3-AAA1-42DA-BFC8-84EE0BFA66FE}.Release|Win32.ActiveCfg = Release|Win32
		{6B3FEEE3-AAA1-42DA-BFC8-84EE0BFA66FE}.Release|Win32.Build.0 = Release|Win32
		{6B3FEEE3-AAA1-42DA-BFC8-84EE0BFA66FE}.MinSizeRel|Win32.ActiveCfg = MinSizeRel|Win32
		{6B3FEEE3-AAA1-42DA-BFC8-84EE0BFA66FE}.MinSizeRel|Win32.Build.0 = MinSizeRel|Win32
		{6B3FEEE3-AAA1-42DA-BFC8-84EE0BFA66FE}.RelWithDebInfo|Win32.ActiveCfg = RelWithDebInfo|Win32
		{6B3FEEE3-AAA1-42DA-BFC8-84EE0BFA66FE}.RelWithDebInfo|Win32.Build.0 = RelWithDebInfo|Win32
		{CB1E1088-3F46-433B-975A-1BA6DC42528C}.Debug|Win32.ActiveCfg = Debug|Win32
		{CB1E1088-3F46-433B-975A-1BA6DC42528C}.Debug|Win32.Build.0 = Debug|Win32
		{CB1E1088-3F46-433B-975A-1BA6DC42528C}.Release|Win32.ActiveCfg = Release|Win32
		{CB1E1088-3F46-433B-975A-1BA6DC42528C}.Release|Win32.Build.0 = Release|Win32
		{CB1E1088-3F46-433B-975A-1BA6DC42528C}.MinSizeRel|Win32.ActiveCfg = MinSizeRel|Win32
		{CB1E1088-3F46-433B-975A-1BA6DC42528C}.MinSizeRel|Win32.Build.0 = MinSizeRel|Win32
		{CB1E1088-3F46-433B-975A-1BA6DC42528C}.RelWithDebInfo|Win32.ActiveCfg = RelWithDebInfo|Win32
		{CB1E1088-3F46-433B-975A-1BA6DC42528C}.RelWithDebInfo|Win32.Build.0 = RelWithDebInfo|Win32
		{FE1E1B00-BDFD-4814-83B4-F87254B0472E}.Debug|Win32.ActiveCfg = Debug|Win32
		{FE1E1B00-BDFD-4814-83B4-F87254B0472E}.Debug|Win32.Build.0 = Debug|Win32
		{FE1E1B00-BDFD-4814-83B4-F87254B0472E}.Release|Win32.ActiveCfg = Release|Win32
		{FE1E1B00-BDFD-4814-83B4-F87254B0472E}.Release|Win32.Build.0 = Release|Win32
		{FE1E1B00-BDFD-4814-83B4-F87254B0472E}.MinSizeRel|Win32.ActiveCfg = MinSizeRel|Win32
		{FE1E1B00-BDFD-4814-83B4-F87254B0472E}.MinSizeRel|Win32.Build.0 = MinSizeRel|Win32
		{FE1E1B00-BDFD-4814-83B4-F87254B0472E}.RelWithDebInfo|Win32.ActiveCfg = RelWithDebInfo|Win32
		{FE1E1B00-BDFD-4814-83B4-F87254B0472E}.RelWithDebInfo|Win32.Build.0 = RelWithDebInfo|Win32
		{09D9A6E1-23D3-43E4-9E8C-B6E7941E9782}.Debug|Win32.ActiveCfg = Debug|Win32
		{09D9A6E1-23D3-43E4-9E8C-B6E7941E9782}.Debug|Win32.Build.0 = Debug|Win32
		{09D9A6E1-23D3-43E4-9E8C-B6E7941E9782}.Release|Win32.ActiveCfg = Release|Win32
		{09D9A6E1-23D3-43E4-9E8C-B6E7941E9782}.Release|Win32.Build.0 = Release|Win32
		{09D9A6E1-23D3-43E4-9E8C-B6E7941E9782}.MinSizeRel|Win32.ActiveCfg = MinSizeRel|Win32
		{09D9A6E1-23D3-43E4-9E8C-B6E7941E9782}.MinSizeRel|Win32.Build.0 = MinSizeRel|Win32
		{09D9A6E1-23D3-43E4-9E8C-B6E7941E9782}.RelWithDebInfo|Win32.ActiveCfg = RelWithDebInfo|Win32
		{09D9A6E1-23D3-43E4-9E8C-B6E7941E9782}.RelWithDebInfo|Win32.Build.0 = RelWithDebInfo|Win32
	EndGlobalSection
	GlobalSection(ExtensibilityGlobals) = postSolution
	EndGlobalSection
	GlobalSection(ExtensibilityAddIns) = postSolution
	EndGlobalSection
EndGlobal
