<?xml version="1.0" encoding="utf-8"?>
<Project ToolsVersion="4.0" xmlns="http://schemas.microsoft.com/developer/msbuild/2003">
  <ItemGroup>
    <CustomBuild Include="..\CMakeFiles\2b92ca3e471b2503c0f90acfc445b0d8\INSTALL_force.rule">
      <Filter>CMake Rules</Filter>
    </CustomBuild>
  </ItemGroup>
  <ItemGroup>
    <Filter Include="CMake Rules">
      <UniqueIdentifier>{BBC2FC4C-D907-4E13-88A0-4781E475412E}</UniqueIdentifier>
    </Filter>
  </ItemGroup>
</Project>
