Microsoft Visual Studio Solution File, Format Version 11.00
# Visual Studio 2010
Project("{8BC9CEB8-8B4A-11D0-8D11-00A0C91BC942}") = "ALL_BUILD", "ALL_BUILD.vcxproj", "{AB5B0DB2-7844-4E13-B0D4-F18AD4C96023}"
	ProjectSection(ProjectDependencies) = postProject
		{5CFEB211-51AD-47CC-A4E9-D0983B0D4DDE} = {5CFEB211-51AD-47CC-A4E9-D0983B0D4DDE}
	EndProjectSection
EndProject
Project("{8BC9CEB8-8B4A-11D0-8D11-00A0C91BC942}") = "INSTALL", "INSTALL.vcxproj", "{5C3E5DD7-D928-4DD4-9D75-5A47BCDFE038}"
	ProjectSection(ProjectDependencies) = postProject
		{AB5B0DB2-7844-4E13-B0D4-F18AD4C96023} = {AB5B0DB2-7844-4E13-B0D4-F18AD4C96023}
	EndProjectSection
EndProject
Project("{8BC9CEB8-8B4A-11D0-8D11-00A0C91BC942}") = "Stereo", "Stereo.vcxproj", "{5CFEB211-51AD-47CC-A4E9-D0983B0D4DDE}"
	ProjectSection(ProjectDependencies) = postProject
		{99E76616-65E0-4AF3-AD8E-C839B06998D1} = {99E76616-65E0-4AF3-AD8E-C839B06998D1}
	EndProjectSection
EndProject
Project("{8BC9CEB8-8B4A-11D0-8D11-00A0C91BC942}") = "ZERO_CHECK", "..\ZERO_CHECK.vcxproj", "{99E76616-65E0-4AF3-AD8E-C839B06998D1}"
	ProjectSection(ProjectDependencies) = postProject
	EndProjectSection
EndProject
Global
	GlobalSection(SolutionConfigurationPlatforms) = preSolution
		Debug|Win32 = Debug|Win32
		Release|Win32 = Release|Win32
		MinSizeRel|Win32 = MinSizeRel|Win32
		RelWithDebInfo|Win32 = RelWithDebInfo|Win32
	EndGlobalSection
	GlobalSection(ProjectConfigurationPlatforms) = postSolution
		{AB5B0DB2-7844-4E13-B0D4-F18AD4C96023}.Debug|Win32.ActiveCfg = Debug|Win32
		{AB5B0DB2-7844-4E13-B0D4-F18AD4C96023}.Debug|Win32.Build.0 = Debug|Win32
		{AB5B0DB2-7844-4E13-B0D4-F18AD4C96023}.Release|Win32.ActiveCfg = Release|Win32
		{AB5B0DB2-7844-4E13-B0D4-F18AD4C96023}.Release|Win32.Build.0 = Release|Win32
		{AB5B0DB2-7844-4E13-B0D4-F18AD4C96023}.MinSizeRel|Win32.ActiveCfg = MinSizeRel|Win32
		{AB5B0DB2-7844-4E13-B0D4-F18AD4C96023}.MinSizeRel|Win32.Build.0 = MinSizeRel|Win32
		{AB5B0DB2-7844-4E13-B0D4-F18AD4C96023}.RelWithDebInfo|Win32.ActiveCfg = RelWithDebInfo|Win32
		{AB5B0DB2-7844-4E13-B0D4-F18AD4C96023}.RelWithDebInfo|Win32.Build.0 = RelWithDebInfo|Win32
		{5C3E5DD7-D928-4DD4-9D75-5A47BCDFE038}.Debug|Win32.ActiveCfg = Debug|Win32
		{5C3E5DD7-D928-4DD4-9D75-5A47BCDFE038}.Release|Win32.ActiveCfg = Release|Win32
		{5C3E5DD7-D928-4DD4-9D75-5A47BCDFE038}.MinSizeRel|Win32.ActiveCfg = MinSizeRel|Win32
		{5C3E5DD7-D928-4DD4-9D75-5A47BCDFE038}.RelWithDebInfo|Win32.ActiveCfg = RelWithDebInfo|Win32
		{5CFEB211-51AD-47CC-A4E9-D0983B0D4DDE}.Debug|Win32.ActiveCfg = Debug|Win32
		{5CFEB211-51AD-47CC-A4E9-D0983B0D4DDE}.Debug|Win32.Build.0 = Debug|Win32
		{5CFEB211-51AD-47CC-A4E9-D0983B0D4DDE}.Release|Win32.ActiveCfg = Release|Win32
		{5CFEB211-51AD-47CC-A4E9-D0983B0D4DDE}.Release|Win32.Build.0 = Release|Win32
		{5CFEB211-51AD-47CC-A4E9-D0983B0D4DDE}.MinSizeRel|Win32.ActiveCfg = MinSizeRel|Win32
		{5CFEB211-51AD-47CC-A4E9-D0983B0D4DDE}.MinSizeRel|Win32.Build.0 = MinSizeRel|Win32
		{5CFEB211-51AD-47CC-A4E9-D0983B0D4DDE}.RelWithDebInfo|Win32.ActiveCfg = RelWithDebInfo|Win32
		{5CFEB211-51AD-47CC-A4E9-D0983B0D4DDE}.RelWithDebInfo|Win32.Build.0 = RelWithDebInfo|Win32
		{99E76616-65E0-4AF3-AD8E-C839B06998D1}.Debug|Win32.ActiveCfg = Debug|Win32
		{99E76616-65E0-4AF3-AD8E-C839B06998D1}.Debug|Win32.Build.0 = Debug|Win32
		{99E76616-65E0-4AF3-AD8E-C839B06998D1}.Release|Win32.ActiveCfg = Release|Win32
		{99E76616-65E0-4AF3-AD8E-C839B06998D1}.Release|Win32.Build.0 = Release|Win32
		{99E76616-65E0-4AF3-AD8E-C839B06998D1}.MinSizeRel|Win32.ActiveCfg = MinSizeRel|Win32
		{99E76616-65E0-4AF3-AD8E-C839B06998D1}.MinSizeRel|Win32.Build.0 = MinSizeRel|Win32
		{99E76616-65E0-4AF3-AD8E-C839B06998D1}.RelWithDebInfo|Win32.ActiveCfg = RelWithDebInfo|Win32
		{99E76616-65E0-4AF3-AD8E-C839B06998D1}.RelWithDebInfo|Win32.Build.0 = RelWithDebInfo|Win32
	EndGlobalSection
	GlobalSection(ExtensibilityGlobals) = postSolution
	EndGlobalSection
	GlobalSection(ExtensibilityAddIns) = postSolution
	EndGlobalSection
EndGlobal
