Microsoft Visual Studio Solution File, Format Version 11.00
# Visual Studio 2010
Project("{8BC9CEB8-8B4A-11D0-8D11-00A0C91BC942}") = "ALL_BUILD", "ALL_BUILD.vcxproj", "{C50C10D2-82F4-4F87-914D-52406D322811}"
	ProjectSection(ProjectDependencies) = postProject
		{8E2CA2CF-A9A3-4C41-8D9A-6E14CD7943BC} = {8E2CA2CF-A9A3-4C41-8D9A-6E14CD7943BC}
	EndProjectSection
EndProject
Project("{8BC9CEB8-8B4A-11D0-8D11-00A0C91BC942}") = "INSTALL", "INSTALL.vcxproj", "{0AC5854F-1C2F-4B04-B805-E81B945F1B17}"
	ProjectSection(ProjectDependencies) = postProject
		{C50C10D2-82F4-4F87-914D-52406D322811} = {C50C10D2-82F4-4F87-914D-52406D322811}
	EndProjectSection
EndProject
Project("{8BC9CEB8-8B4A-11D0-8D11-00A0C91BC942}") = "Stereo", "Stereo.vcxproj", "{8E2CA2CF-A9A3-4C41-8D9A-6E14CD7943BC}"
	ProjectSection(ProjectDependencies) = postProject
		{3596AB89-4F17-4B65-9FCF-DAA5AA1F3EDE} = {3596AB89-4F17-4B65-9FCF-DAA5AA1F3EDE}
	EndProjectSection
EndProject
Project("{8BC9CEB8-8B4A-11D0-8D11-00A0C91BC942}") = "ZERO_CHECK", "..\ZERO_CHECK.vcxproj", "{3596AB89-4F17-4B65-9FCF-DAA5AA1F3EDE}"
	ProjectSection(ProjectDependencies) = postProject
	EndProjectSection
EndProject
Global
	GlobalSection(SolutionConfigurationPlatforms) = preSolution
		Debug|Win32 = Debug|Win32
		Release|Win32 = Release|Win32
		MinSizeRel|Win32 = MinSizeRel|Win32
		RelWithDebInfo|Win32 = RelWithDebInfo|Win32
	EndGlobalSection
	GlobalSection(ProjectConfigurationPlatforms) = postSolution
		{C50C10D2-82F4-4F87-914D-52406D322811}.Debug|Win32.ActiveCfg = Debug|Win32
		{C50C10D2-82F4-4F87-914D-52406D322811}.Debug|Win32.Build.0 = Debug|Win32
		{C50C10D2-82F4-4F87-914D-52406D322811}.Release|Win32.ActiveCfg = Release|Win32
		{C50C10D2-82F4-4F87-914D-52406D322811}.Release|Win32.Build.0 = Release|Win32
		{C50C10D2-82F4-4F87-914D-52406D322811}.MinSizeRel|Win32.ActiveCfg = MinSizeRel|Win32
		{C50C10D2-82F4-4F87-914D-52406D322811}.MinSizeRel|Win32.Build.0 = MinSizeRel|Win32
		{C50C10D2-82F4-4F87-914D-52406D322811}.RelWithDebInfo|Win32.ActiveCfg = RelWithDebInfo|Win32
		{C50C10D2-82F4-4F87-914D-52406D322811}.RelWithDebInfo|Win32.Build.0 = RelWithDebInfo|Win32
		{0AC5854F-1C2F-4B04-B805-E81B945F1B17}.Debug|Win32.ActiveCfg = Debug|Win32
		{0AC5854F-1C2F-4B04-B805-E81B945F1B17}.Release|Win32.ActiveCfg = Release|Win32
		{0AC5854F-1C2F-4B04-B805-E81B945F1B17}.MinSizeRel|Win32.ActiveCfg = MinSizeRel|Win32
		{0AC5854F-1C2F-4B04-B805-E81B945F1B17}.RelWithDebInfo|Win32.ActiveCfg = RelWithDebInfo|Win32
		{8E2CA2CF-A9A3-4C41-8D9A-6E14CD7943BC}.Debug|Win32.ActiveCfg = Debug|Win32
		{8E2CA2CF-A9A3-4C41-8D9A-6E14CD7943BC}.Debug|Win32.Build.0 = Debug|Win32
		{8E2CA2CF-A9A3-4C41-8D9A-6E14CD7943BC}.Release|Win32.ActiveCfg = Release|Win32
		{8E2CA2CF-A9A3-4C41-8D9A-6E14CD7943BC}.Release|Win32.Build.0 = Release|Win32
		{8E2CA2CF-A9A3-4C41-8D9A-6E14CD7943BC}.MinSizeRel|Win32.ActiveCfg = MinSizeRel|Win32
		{8E2CA2CF-A9A3-4C41-8D9A-6E14CD7943BC}.MinSizeRel|Win32.Build.0 = MinSizeRel|Win32
		{8E2CA2CF-A9A3-4C41-8D9A-6E14CD7943BC}.RelWithDebInfo|Win32.ActiveCfg = RelWithDebInfo|Win32
		{8E2CA2CF-A9A3-4C41-8D9A-6E14CD7943BC}.RelWithDebInfo|Win32.Build.0 = RelWithDebInfo|Win32
		{3596AB89-4F17-4B65-9FCF-DAA5AA1F3EDE}.Debug|Win32.ActiveCfg = Debug|Win32
		{3596AB89-4F17-4B65-9FCF-DAA5AA1F3EDE}.Debug|Win32.Build.0 = Debug|Win32
		{3596AB89-4F17-4B65-9FCF-DAA5AA1F3EDE}.Release|Win32.ActiveCfg = Release|Win32
		{3596AB89-4F17-4B65-9FCF-DAA5AA1F3EDE}.Release|Win32.Build.0 = Release|Win32
		{3596AB89-4F17-4B65-9FCF-DAA5AA1F3EDE}.MinSizeRel|Win32.ActiveCfg = MinSizeRel|Win32
		{3596AB89-4F17-4B65-9FCF-DAA5AA1F3EDE}.MinSizeRel|Win32.Build.0 = MinSizeRel|Win32
		{3596AB89-4F17-4B65-9FCF-DAA5AA1F3EDE}.RelWithDebInfo|Win32.ActiveCfg = RelWithDebInfo|Win32
		{3596AB89-4F17-4B65-9FCF-DAA5AA1F3EDE}.RelWithDebInfo|Win32.Build.0 = RelWithDebInfo|Win32
	EndGlobalSection
	GlobalSection(ExtensibilityGlobals) = postSolution
	EndGlobalSection
	GlobalSection(ExtensibilityAddIns) = postSolution
	EndGlobalSection
EndGlobal
