<?xml version="1.0" encoding="utf-8"?>
<Project ToolsVersion="4.0" xmlns="http://schemas.microsoft.com/developer/msbuild/2003">
  <ItemGroup>
    <ClCompile Include="C:\Users\Yohann\Desktop\ADCensus\ADCensus_CMake\libIO\io_tiff.c">
      <Filter>Source Files</Filter>
    </ClCompile>
    <ClCompile Include="C:\Users\Yohann\Desktop\ADCensus\ADCensus_CMake\libIO\io_png.c">
      <Filter>Source Files</Filter>
    </ClCompile>
    <ClCompile Include="C:\Users\Yohann\Desktop\ADCensus\ADCensus_CMake\libIO\draw.c">
      <Filter>Source Files</Filter>
    </ClCompile>
  </ItemGroup>
  <ItemGroup>
    <ClInclude Include="C:\Users\Yohann\Desktop\ADCensus\ADCensus_CMake\libIO\io_tiff.h">
      <Filter>Header Files</Filter>
    </ClInclude>
    <ClInclude Include="C:\Users\Yohann\Desktop\ADCensus\ADCensus_CMake\libIO\io_png.h">
      <Filter>Header Files</Filter>
    </ClInclude>
    <ClInclude Include="C:\Users\Yohann\Desktop\ADCensus\ADCensus_CMake\libIO\draw.h">
      <Filter>Header Files</Filter>
    </ClInclude>
    <ClInclude Include="C:\Users\Yohann\Desktop\ADCensus\ADCensus_CMake\libIO\nan.h">
      <Filter>Header Files</Filter>
    </ClInclude>
  </ItemGroup>
  <ItemGroup>
  </ItemGroup>
  <ItemGroup>
  </ItemGroup>
  <ItemGroup>
    <CustomBuild Include="..\..\ADCensus_CMake\libIO\CMakeLists.txt" />
  </ItemGroup>
  <ItemGroup>
    <Filter Include="Source Files">
      <UniqueIdentifier>{606F7027-8798-403A-8C08-2F3EAE11F1F6}</UniqueIdentifier>
    </Filter>
    <Filter Include="Header Files">
      <UniqueIdentifier>{FC0917A6-BB3E-4DA7-8FEF-19BD7F64F725}</UniqueIdentifier>
    </Filter>
  </ItemGroup>
  <ItemGroup>
  </ItemGroup>
</Project>
