Microsoft Visual Studio Solution File, Format Version 11.00
# Visual Studio 2010
Project("{8BC9CEB8-8B4A-11D0-8D11-00A0C91BC942}") = "ALL_BUILD", "ALL_BUILD.vcxproj", "{AB5B0DB2-7844-4E13-B0D4-F18AD4C96023}"
	ProjectSection(ProjectDependencies) = postProject
		{54089CCF-1C29-4E68-9A82-5826038440B6} = {54089CCF-1C29-4E68-9A82-5826038440B6}
	EndProjectSection
EndProject
Project("{8BC9CEB8-8B4A-11D0-8D11-00A0C91BC942}") = "INSTALL", "INSTALL.vcxproj", "{5C3E5DD7-D928-4DD4-9D75-5A47BCDFE038}"
	ProjectSection(ProjectDependencies) = postProject
		{AB5B0DB2-7844-4E13-B0D4-F18AD4C96023} = {AB5B0DB2-7844-4E13-B0D4-F18AD4C96023}
	EndProjectSection
EndProject
Project("{8BC9CEB8-8B4A-11D0-8D11-00A0C91BC942}") = "IO", "IO.vcxproj", "{54089CCF-1C29-4E68-9A82-5826038440B6}"
	ProjectSection(ProjectDependencies) = postProject
		{99E76616-65E0-4AF3-AD8E-C839B06998D1} = {99E76616-65E0-4AF3-AD8E-C839B06998D1}
		{E505E8DC-DFC5-4566-8B48-28D571120DE2} = {E505E8DC-DFC5-4566-8B48-28D571120DE2}
		{C91FCEE8-26D5-4CFC-81F1-D5EB6F07B2C1} = {C91FCEE8-26D5-4CFC-81F1-D5EB6F07B2C1}
	EndProjectSection
EndProject
Project("{8BC9CEB8-8B4A-11D0-8D11-00A0C91BC942}") = "ZERO_CHECK", "..\ZERO_CHECK.vcxproj", "{99E76616-65E0-4AF3-AD8E-C839B06998D1}"
	ProjectSection(ProjectDependencies) = postProject
	EndProjectSection
EndProject
Project("{8BC9CEB8-8B4A-11D0-8D11-00A0C91BC942}") = "png", "..\3rdParty\png\png.vcxproj", "{E505E8DC-DFC5-4566-8B48-28D571120DE2}"
	ProjectSection(ProjectDependencies) = postProject
		{99E76616-65E0-4AF3-AD8E-C839B06998D1} = {99E76616-65E0-4AF3-AD8E-C839B06998D1}
		{F038789C-7A29-4577-9E3F-894B4BA5E19F} = {F038789C-7A29-4577-9E3F-894B4BA5E19F}
	EndProjectSection
EndProject
Project("{8BC9CEB8-8B4A-11D0-8D11-00A0C91BC942}") = "tiff", "..\3rdParty\tiff\tiff.vcxproj", "{C91FCEE8-26D5-4CFC-81F1-D5EB6F07B2C1}"
	ProjectSection(ProjectDependencies) = postProject
		{99E76616-65E0-4AF3-AD8E-C839B06998D1} = {99E76616-65E0-4AF3-AD8E-C839B06998D1}
	EndProjectSection
EndProject
Project("{8BC9CEB8-8B4A-11D0-8D11-00A0C91BC942}") = "zlib", "..\3rdParty\zlib\zlib.vcxproj", "{F038789C-7A29-4577-9E3F-894B4BA5E19F}"
	ProjectSection(ProjectDependencies) = postProject
		{99E76616-65E0-4AF3-AD8E-C839B06998D1} = {99E76616-65E0-4AF3-AD8E-C839B06998D1}
	EndProjectSection
EndProject
Global
	GlobalSection(SolutionConfigurationPlatforms) = preSolution
		Debug|Win32 = Debug|Win32
		Release|Win32 = Release|Win32
		MinSizeRel|Win32 = MinSizeRel|Win32
		RelWithDebInfo|Win32 = RelWithDebInfo|Win32
	EndGlobalSection
	GlobalSection(ProjectConfigurationPlatforms) = postSolution
		{AB5B0DB2-7844-4E13-B0D4-F18AD4C96023}.Debug|Win32.ActiveCfg = Debug|Win32
		{AB5B0DB2-7844-4E13-B0D4-F18AD4C96023}.Debug|Win32.Build.0 = Debug|Win32
		{AB5B0DB2-7844-4E13-B0D4-F18AD4C96023}.Release|Win32.ActiveCfg = Release|Win32
		{AB5B0DB2-7844-4E13-B0D4-F18AD4C96023}.Release|Win32.Build.0 = Release|Win32
		{AB5B0DB2-7844-4E13-B0D4-F18AD4C96023}.MinSizeRel|Win32.ActiveCfg = MinSizeRel|Win32
		{AB5B0DB2-7844-4E13-B0D4-F18AD4C96023}.MinSizeRel|Win32.Build.0 = MinSizeRel|Win32
		{AB5B0DB2-7844-4E13-B0D4-F18AD4C96023}.RelWithDebInfo|Win32.ActiveCfg = RelWithDebInfo|Win32
		{AB5B0DB2-7844-4E13-B0D4-F18AD4C96023}.RelWithDebInfo|Win32.Build.0 = RelWithDebInfo|Win32
		{5C3E5DD7-D928-4DD4-9D75-5A47BCDFE038}.Debug|Win32.ActiveCfg = Debug|Win32
		{5C3E5DD7-D928-4DD4-9D75-5A47BCDFE038}.Release|Win32.ActiveCfg = Release|Win32
		{5C3E5DD7-D928-4DD4-9D75-5A47BCDFE038}.MinSizeRel|Win32.ActiveCfg = MinSizeRel|Win32
		{5C3E5DD7-D928-4DD4-9D75-5A47BCDFE038}.RelWithDebInfo|Win32.ActiveCfg = RelWithDebInfo|Win32
		{54089CCF-1C29-4E68-9A82-5826038440B6}.Debug|Win32.ActiveCfg = Debug|Win32
		{54089CCF-1C29-4E68-9A82-5826038440B6}.Debug|Win32.Build.0 = Debug|Win32
		{54089CCF-1C29-4E68-9A82-5826038440B6}.Release|Win32.ActiveCfg = Release|Win32
		{54089CCF-1C29-4E68-9A82-5826038440B6}.Release|Win32.Build.0 = Release|Win32
		{54089CCF-1C29-4E68-9A82-5826038440B6}.MinSizeRel|Win32.ActiveCfg = MinSizeRel|Win32
		{54089CCF-1C29-4E68-9A82-5826038440B6}.MinSizeRel|Win32.Build.0 = MinSizeRel|Win32
		{54089CCF-1C29-4E68-9A82-5826038440B6}.RelWithDebInfo|Win32.ActiveCfg = RelWithDebInfo|Win32
		{54089CCF-1C29-4E68-9A82-5826038440B6}.RelWithDebInfo|Win32.Build.0 = RelWithDebInfo|Win32
		{99E76616-65E0-4AF3-AD8E-C839B06998D1}.Debug|Win32.ActiveCfg = Debug|Win32
		{99E76616-65E0-4AF3-AD8E-C839B06998D1}.Debug|Win32.Build.0 = Debug|Win32
		{99E76616-65E0-4AF3-AD8E-C839B06998D1}.Release|Win32.ActiveCfg = Release|Win32
		{99E76616-65E0-4AF3-AD8E-C839B06998D1}.Release|Win32.Build.0 = Release|Win32
		{99E76616-65E0-4AF3-AD8E-C839B06998D1}.MinSizeRel|Win32.ActiveCfg = MinSizeRel|Win32
		{99E76616-65E0-4AF3-AD8E-C839B06998D1}.MinSizeRel|Win32.Build.0 = MinSizeRel|Win32
		{99E76616-65E0-4AF3-AD8E-C839B06998D1}.RelWithDebInfo|Win32.ActiveCfg = RelWithDebInfo|Win32
		{99E76616-65E0-4AF3-AD8E-C839B06998D1}.RelWithDebInfo|Win32.Build.0 = RelWithDebInfo|Win32
		{E505E8DC-DFC5-4566-8B48-28D571120DE2}.Debug|Win32.ActiveCfg = Debug|Win32
		{E505E8DC-DFC5-4566-8B48-28D571120DE2}.Debug|Win32.Build.0 = Debug|Win32
		{E505E8DC-DFC5-4566-8B48-28D571120DE2}.Release|Win32.ActiveCfg = Release|Win32
		{E505E8DC-DFC5-4566-8B48-28D571120DE2}.Release|Win32.Build.0 = Release|Win32
		{E505E8DC-DFC5-4566-8B48-28D571120DE2}.MinSizeRel|Win32.ActiveCfg = MinSizeRel|Win32
		{E505E8DC-DFC5-4566-8B48-28D571120DE2}.MinSizeRel|Win32.Build.0 = MinSizeRel|Win32
		{E505E8DC-DFC5-4566-8B48-28D571120DE2}.RelWithDebInfo|Win32.ActiveCfg = RelWithDebInfo|Win32
		{E505E8DC-DFC5-4566-8B48-28D571120DE2}.RelWithDebInfo|Win32.Build.0 = RelWithDebInfo|Win32
		{C91FCEE8-26D5-4CFC-81F1-D5EB6F07B2C1}.Debug|Win32.ActiveCfg = Debug|Win32
		{C91FCEE8-26D5-4CFC-81F1-D5EB6F07B2C1}.Debug|Win32.Build.0 = Debug|Win32
		{C91FCEE8-26D5-4CFC-81F1-D5EB6F07B2C1}.Release|Win32.ActiveCfg = Release|Win32
		{C91FCEE8-26D5-4CFC-81F1-D5EB6F07B2C1}.Release|Win32.Build.0 = Release|Win32
		{C91FCEE8-26D5-4CFC-81F1-D5EB6F07B2C1}.MinSizeRel|Win32.ActiveCfg = MinSizeRel|Win32
		{C91FCEE8-26D5-4CFC-81F1-D5EB6F07B2C1}.MinSizeRel|Win32.Build.0 = MinSizeRel|Win32
		{C91FCEE8-26D5-4CFC-81F1-D5EB6F07B2C1}.RelWithDebInfo|Win32.ActiveCfg = RelWithDebInfo|Win32
		{C91FCEE8-26D5-4CFC-81F1-D5EB6F07B2C1}.RelWithDebInfo|Win32.Build.0 = RelWithDebInfo|Win32
		{F038789C-7A29-4577-9E3F-894B4BA5E19F}.Debug|Win32.ActiveCfg = Debug|Win32
		{F038789C-7A29-4577-9E3F-894B4BA5E19F}.Debug|Win32.Build.0 = Debug|Win32
		{F038789C-7A29-4577-9E3F-894B4BA5E19F}.Release|Win32.ActiveCfg = Release|Win32
		{F038789C-7A29-4577-9E3F-894B4BA5E19F}.Release|Win32.Build.0 = Release|Win32
		{F038789C-7A29-4577-9E3F-894B4BA5E19F}.MinSizeRel|Win32.ActiveCfg = MinSizeRel|Win32
		{F038789C-7A29-4577-9E3F-894B4BA5E19F}.MinSizeRel|Win32.Build.0 = MinSizeRel|Win32
		{F038789C-7A29-4577-9E3F-894B4BA5E19F}.RelWithDebInfo|Win32.ActiveCfg = RelWithDebInfo|Win32
		{F038789C-7A29-4577-9E3F-894B4BA5E19F}.RelWithDebInfo|Win32.Build.0 = RelWithDebInfo|Win32
	EndGlobalSection
	GlobalSection(ExtensibilityGlobals) = postSolution
	EndGlobalSection
	GlobalSection(ExtensibilityAddIns) = postSolution
	EndGlobalSection
EndGlobal
