Microsoft Visual Studio Solution File, Format Version 11.00
# Visual Studio 2010
Project("{8BC9CEB8-8B4A-11D0-8D11-00A0C91BC942}") = "ALL_BUILD", "ALL_BUILD.vcxproj", "{C50C10D2-82F4-4F87-914D-52406D322811}"
	ProjectSection(ProjectDependencies) = postProject
		{935DED95-004B-404A-800E-A72DB74AD0C8} = {935DED95-004B-404A-800E-A72DB74AD0C8}
	EndProjectSection
EndProject
Project("{8BC9CEB8-8B4A-11D0-8D11-00A0C91BC942}") = "INSTALL", "INSTALL.vcxproj", "{0AC5854F-1C2F-4B04-B805-E81B945F1B17}"
	ProjectSection(ProjectDependencies) = postProject
		{C50C10D2-82F4-4F87-914D-52406D322811} = {C50C10D2-82F4-4F87-914D-52406D322811}
	EndProjectSection
EndProject
Project("{8BC9CEB8-8B4A-11D0-8D11-00A0C91BC942}") = "IO", "IO.vcxproj", "{935DED95-004B-404A-800E-A72DB74AD0C8}"
	ProjectSection(ProjectDependencies) = postProject
		{3596AB89-4F17-4B65-9FCF-DAA5AA1F3EDE} = {3596AB89-4F17-4B65-9FCF-DAA5AA1F3EDE}
		{54A76532-381B-47A9-AA7D-9047DDAA320F} = {54A76532-381B-47A9-AA7D-9047DDAA320F}
		{9C47DD9B-2332-4584-AA03-E506AC997CCB} = {9C47DD9B-2332-4584-AA03-E506AC997CCB}
	EndProjectSection
EndProject
Project("{8BC9CEB8-8B4A-11D0-8D11-00A0C91BC942}") = "ZERO_CHECK", "..\ZERO_CHECK.vcxproj", "{3596AB89-4F17-4B65-9FCF-DAA5AA1F3EDE}"
	ProjectSection(ProjectDependencies) = postProject
	EndProjectSection
EndProject
Project("{8BC9CEB8-8B4A-11D0-8D11-00A0C91BC942}") = "png", "..\3rdParty\png\png.vcxproj", "{54A76532-381B-47A9-AA7D-9047DDAA320F}"
	ProjectSection(ProjectDependencies) = postProject
		{3596AB89-4F17-4B65-9FCF-DAA5AA1F3EDE} = {3596AB89-4F17-4B65-9FCF-DAA5AA1F3EDE}
		{14BD4FD6-2E41-4D53-9CD3-F6489ED63C38} = {14BD4FD6-2E41-4D53-9CD3-F6489ED63C38}
	EndProjectSection
EndProject
Project("{8BC9CEB8-8B4A-11D0-8D11-00A0C91BC942}") = "tiff", "..\3rdParty\tiff\tiff.vcxproj", "{9C47DD9B-2332-4584-AA03-E506AC997CCB}"
	ProjectSection(ProjectDependencies) = postProject
		{3596AB89-4F17-4B65-9FCF-DAA5AA1F3EDE} = {3596AB89-4F17-4B65-9FCF-DAA5AA1F3EDE}
	EndProjectSection
EndProject
Project("{8BC9CEB8-8B4A-11D0-8D11-00A0C91BC942}") = "zlib", "..\3rdParty\zlib\zlib.vcxproj", "{14BD4FD6-2E41-4D53-9CD3-F6489ED63C38}"
	ProjectSection(ProjectDependencies) = postProject
		{3596AB89-4F17-4B65-9FCF-DAA5AA1F3EDE} = {3596AB89-4F17-4B65-9FCF-DAA5AA1F3EDE}
	EndProjectSection
EndProject
Global
	GlobalSection(SolutionConfigurationPlatforms) = preSolution
		Debug|Win32 = Debug|Win32
		Release|Win32 = Release|Win32
		MinSizeRel|Win32 = MinSizeRel|Win32
		RelWithDebInfo|Win32 = RelWithDebInfo|Win32
	EndGlobalSection
	GlobalSection(ProjectConfigurationPlatforms) = postSolution
		{C50C10D2-82F4-4F87-914D-52406D322811}.Debug|Win32.ActiveCfg = Debug|Win32
		{C50C10D2-82F4-4F87-914D-52406D322811}.Debug|Win32.Build.0 = Debug|Win32
		{C50C10D2-82F4-4F87-914D-52406D322811}.Release|Win32.ActiveCfg = Release|Win32
		{C50C10D2-82F4-4F87-914D-52406D322811}.Release|Win32.Build.0 = Release|Win32
		{C50C10D2-82F4-4F87-914D-52406D322811}.MinSizeRel|Win32.ActiveCfg = MinSizeRel|Win32
		{C50C10D2-82F4-4F87-914D-52406D322811}.MinSizeRel|Win32.Build.0 = MinSizeRel|Win32
		{C50C10D2-82F4-4F87-914D-52406D322811}.RelWithDebInfo|Win32.ActiveCfg = RelWithDebInfo|Win32
		{C50C10D2-82F4-4F87-914D-52406D322811}.RelWithDebInfo|Win32.Build.0 = RelWithDebInfo|Win32
		{0AC5854F-1C2F-4B04-B805-E81B945F1B17}.Debug|Win32.ActiveCfg = Debug|Win32
		{0AC5854F-1C2F-4B04-B805-E81B945F1B17}.Release|Win32.ActiveCfg = Release|Win32
		{0AC5854F-1C2F-4B04-B805-E81B945F1B17}.MinSizeRel|Win32.ActiveCfg = MinSizeRel|Win32
		{0AC5854F-1C2F-4B04-B805-E81B945F1B17}.RelWithDebInfo|Win32.ActiveCfg = RelWithDebInfo|Win32
		{935DED95-004B-404A-800E-A72DB74AD0C8}.Debug|Win32.ActiveCfg = Debug|Win32
		{935DED95-004B-404A-800E-A72DB74AD0C8}.Debug|Win32.Build.0 = Debug|Win32
		{935DED95-004B-404A-800E-A72DB74AD0C8}.Release|Win32.ActiveCfg = Release|Win32
		{935DED95-004B-404A-800E-A72DB74AD0C8}.Release|Win32.Build.0 = Release|Win32
		{935DED95-004B-404A-800E-A72DB74AD0C8}.MinSizeRel|Win32.ActiveCfg = MinSizeRel|Win32
		{935DED95-004B-404A-800E-A72DB74AD0C8}.MinSizeRel|Win32.Build.0 = MinSizeRel|Win32
		{935DED95-004B-404A-800E-A72DB74AD0C8}.RelWithDebInfo|Win32.ActiveCfg = RelWithDebInfo|Win32
		{935DED95-004B-404A-800E-A72DB74AD0C8}.RelWithDebInfo|Win32.Build.0 = RelWithDebInfo|Win32
		{3596AB89-4F17-4B65-9FCF-DAA5AA1F3EDE}.Debug|Win32.ActiveCfg = Debug|Win32
		{3596AB89-4F17-4B65-9FCF-DAA5AA1F3EDE}.Debug|Win32.Build.0 = Debug|Win32
		{3596AB89-4F17-4B65-9FCF-DAA5AA1F3EDE}.Release|Win32.ActiveCfg = Release|Win32
		{3596AB89-4F17-4B65-9FCF-DAA5AA1F3EDE}.Release|Win32.Build.0 = Release|Win32
		{3596AB89-4F17-4B65-9FCF-DAA5AA1F3EDE}.MinSizeRel|Win32.ActiveCfg = MinSizeRel|Win32
		{3596AB89-4F17-4B65-9FCF-DAA5AA1F3EDE}.MinSizeRel|Win32.Build.0 = MinSizeRel|Win32
		{3596AB89-4F17-4B65-9FCF-DAA5AA1F3EDE}.RelWithDebInfo|Win32.ActiveCfg = RelWithDebInfo|Win32
		{3596AB89-4F17-4B65-9FCF-DAA5AA1F3EDE}.RelWithDebInfo|Win32.Build.0 = RelWithDebInfo|Win32
		{54A76532-381B-47A9-AA7D-9047DDAA320F}.Debug|Win32.ActiveCfg = Debug|Win32
		{54A76532-381B-47A9-AA7D-9047DDAA320F}.Debug|Win32.Build.0 = Debug|Win32
		{54A76532-381B-47A9-AA7D-9047DDAA320F}.Release|Win32.ActiveCfg = Release|Win32
		{54A76532-381B-47A9-AA7D-9047DDAA320F}.Release|Win32.Build.0 = Release|Win32
		{54A76532-381B-47A9-AA7D-9047DDAA320F}.MinSizeRel|Win32.ActiveCfg = MinSizeRel|Win32
		{54A76532-381B-47A9-AA7D-9047DDAA320F}.MinSizeRel|Win32.Build.0 = MinSizeRel|Win32
		{54A76532-381B-47A9-AA7D-9047DDAA320F}.RelWithDebInfo|Win32.ActiveCfg = RelWithDebInfo|Win32
		{54A76532-381B-47A9-AA7D-9047DDAA320F}.RelWithDebInfo|Win32.Build.0 = RelWithDebInfo|Win32
		{9C47DD9B-2332-4584-AA03-E506AC997CCB}.Debug|Win32.ActiveCfg = Debug|Win32
		{9C47DD9B-2332-4584-AA03-E506AC997CCB}.Debug|Win32.Build.0 = Debug|Win32
		{9C47DD9B-2332-4584-AA03-E506AC997CCB}.Release|Win32.ActiveCfg = Release|Win32
		{9C47DD9B-2332-4584-AA03-E506AC997CCB}.Release|Win32.Build.0 = Release|Win32
		{9C47DD9B-2332-4584-AA03-E506AC997CCB}.MinSizeRel|Win32.ActiveCfg = MinSizeRel|Win32
		{9C47DD9B-2332-4584-AA03-E506AC997CCB}.MinSizeRel|Win32.Build.0 = MinSizeRel|Win32
		{9C47DD9B-2332-4584-AA03-E506AC997CCB}.RelWithDebInfo|Win32.ActiveCfg = RelWithDebInfo|Win32
		{9C47DD9B-2332-4584-AA03-E506AC997CCB}.RelWithDebInfo|Win32.Build.0 = RelWithDebInfo|Win32
		{14BD4FD6-2E41-4D53-9CD3-F6489ED63C38}.Debug|Win32.ActiveCfg = Debug|Win32
		{14BD4FD6-2E41-4D53-9CD3-F6489ED63C38}.Debug|Win32.Build.0 = Debug|Win32
		{14BD4FD6-2E41-4D53-9CD3-F6489ED63C38}.Release|Win32.ActiveCfg = Release|Win32
		{14BD4FD6-2E41-4D53-9CD3-F6489ED63C38}.Release|Win32.Build.0 = Release|Win32
		{14BD4FD6-2E41-4D53-9CD3-F6489ED63C38}.MinSizeRel|Win32.ActiveCfg = MinSizeRel|Win32
		{14BD4FD6-2E41-4D53-9CD3-F6489ED63C38}.MinSizeRel|Win32.Build.0 = MinSizeRel|Win32
		{14BD4FD6-2E41-4D53-9CD3-F6489ED63C38}.RelWithDebInfo|Win32.ActiveCfg = RelWithDebInfo|Win32
		{14BD4FD6-2E41-4D53-9CD3-F6489ED63C38}.RelWithDebInfo|Win32.Build.0 = RelWithDebInfo|Win32
	EndGlobalSection
	GlobalSection(ExtensibilityGlobals) = postSolution
	EndGlobalSection
	GlobalSection(ExtensibilityAddIns) = postSolution
	EndGlobalSection
EndGlobal
